
Microsoft Visual Studio Solution File, Format Version 12.00
# Visual Studio Version 17
VisualStudioVersion = 17.14.36717.8 d17.14
MinimumVisualStudioVersion = 10.0.40219.1
Project("{FAE04EC0-301F-11D3-BF4B-00C04F79EFBC}") = "AzureAIExamples", "AzureAIExamples\AzureAIExamples.csproj", "{4BB718CE-9137-4322-88DE-B9B1DA6E87EA}"
EndProject
Global
	GlobalSection(SolutionConfigurationPlatforms) = preSolution
		Debug|Any CPU = Debug|Any CPU
		Release|Any CPU = Release|Any CPU
	EndGlobalSection
	GlobalSection(ProjectConfigurationPlatforms) = postSolution
		{4BB718CE-9137-4322-88DE-B9B1DA6E87EA}.Debug|Any CPU.ActiveCfg = Debug|Any CPU
		{4BB718CE-9137-4322-88DE-B9B1DA6E87EA}.Debug|Any CPU.Build.0 = Debug|Any CPU
		{4BB718CE-9137-4322-88DE-B9B1DA6E87EA}.Release|Any CPU.ActiveCfg = Release|Any CPU
		{4BB718CE-9137-4322-88DE-B9B1DA6E87EA}.Release|Any CPU.Build.0 = Release|Any CPU
	EndGlobalSection
	GlobalSection(SolutionProperties) = preSolution
		HideSolutionNode = FALSE
	EndGlobalSection
	GlobalSection(ExtensibilityGlobals) = postSolution
		SolutionGuid = {978F8720-D4E9-4F3D-B3CB-FA5895B7E1BF}
	EndGlobalSection
EndGlobal
